
Microsoft Visual Studio Solution File, Format Version 12.00
# Visual Studio Version 16
VisualStudioVersion = 16.0.31829.152
MinimumVisualStudioVersion = 10.0.40219.1
Project("{FAE04EC0-301F-11D3-BF4B-00C04F79EFBC}") = "Ejercicio de matriz escalonada", "Ejercicio de matriz escalonada\Ejercicio de matriz escalonada.csproj", "{EA27CB63-05F4-474F-8434-A392E39BF97D}"
EndProject
Global
	GlobalSection(SolutionConfigurationPlatforms) = preSolution
		Debug|Any CPU = Debug|Any CPU
		Release|Any CPU = Release|Any CPU
	EndGlobalSection
	GlobalSection(ProjectConfigurationPlatforms) = postSolution
		{EA27CB63-05F4-474F-8434-A392E39BF97D}.Debug|Any CPU.ActiveCfg = Debug|Any CPU
		{EA27CB63-05F4-474F-8434-A392E39BF97D}.Debug|Any CPU.Build.0 = Debug|Any CPU
		{EA27CB63-05F4-474F-8434-A392E39BF97D}.Release|Any CPU.ActiveCfg = Release|Any CPU
		{EA27CB63-05F4-474F-8434-A392E39BF97D}.Release|Any CPU.Build.0 = Release|Any CPU
	EndGlobalSection
	GlobalSection(SolutionProperties) = preSolution
		HideSolutionNode = FALSE
	EndGlobalSection
	GlobalSection(ExtensibilityGlobals) = postSolution
		SolutionGuid = {3CBBA764-BC5E-4B0F-840E-5C5696C58F62}
	EndGlobalSection
EndGlobal
